// !$*UTF8*$!
{
	archiveVersion = 1;
	classes = {
	};
	objectVersion = 55;
	objects = {

/* Begin PBXBuildFile section */
		38F96A80270F1FFB00B0A009 /* RecipeApp_iOSApp.swift in Sources */ = {isa = PBXBuildFile; fileRef = 38F96A7F270F1FFB00B0A009 /* RecipeApp_iOSApp.swift */; };
		38F96A82270F1FFB00B0A009 /* ContentView.swift in Sources */ = {isa = PBXBuildFile; fileRef = 38F96A81270F1FFB00B0A009 /* ContentView.swift */; };
		38F96A84270F1FFD00B0A009 /* Assets.xcassets in Resources */ = {isa = PBXBuildFile; fileRef = 38F96A83270F1FFD00B0A009 /* Assets.xcassets */; };
		38F96A87270F1FFD00B0A009 /* Preview Assets.xcassets in Resources */ = {isa = PBXBuildFile; fileRef = 38F96A86270F1FFD00B0A009 /* Preview Assets.xcassets */; };
		38F96A8F270F20BF00B0A009 /* Webservice.swift in Sources */ = {isa = PBXBuildFile; fileRef = 38F96A8E270F20BF00B0A009 /* Webservice.swift */; };
		38F96A92270F244B00B0A009 /* RecipeCategoryResponse.swift in Sources */ = {isa = PBXBuildFile; fileRef = 38F96A91270F244B00B0A009 /* RecipeCategoryResponse.swift */; };
		38F96A95270F25B300B0A009 /* RecipeCatgoryListViewModel.swift in Sources */ = {isa = PBXBuildFile; fileRef = 38F96A94270F25B300B0A009 /* RecipeCatgoryListViewModel.swift */; };
		38F96A98270F26B400B0A009 /* Constants.swift in Sources */ = {isa = PBXBuildFile; fileRef = 38F96A97270F26B400B0A009 /* Constants.swift */; };
		38F96A9D270F2E3800B0A009 /* RecipeCategoryListScreen.swift in Sources */ = {isa = PBXBuildFile; fileRef = 38F96A9C270F2E3800B0A009 /* RecipeCategoryListScreen.swift */; };
		38F96AA0270F2F8B00B0A009 /* RecipeCategoryListView.swift in Sources */ = {isa = PBXBuildFile; fileRef = 38F96A9F270F2F8B00B0A009 /* RecipeCategoryListView.swift */; };
		38F96AA2270F334B00B0A009 /* RecipeCategoryCellView.swift in Sources */ = {isa = PBXBuildFile; fileRef = 38F96AA1270F334B00B0A009 /* RecipeCategoryCellView.swift */; };
		38F96AA4270F41B700B0A009 /* RecipeListScreen.swift in Sources */ = {isa = PBXBuildFile; fileRef = 38F96AA3270F41B700B0A009 /* RecipeListScreen.swift */; };
		38F96AA6270F472100B0A009 /* RecipeListViewModel.swift in Sources */ = {isa = PBXBuildFile; fileRef = 38F96AA5270F472100B0A009 /* RecipeListViewModel.swift */; };
		38F96AA8270F47C500B0A009 /* Recipe.swift in Sources */ = {isa = PBXBuildFile; fileRef = 38F96AA7270F47C500B0A009 /* Recipe.swift */; };
		38F96AAA270F505200B0A009 /* RecipeListView.swift in Sources */ = {isa = PBXBuildFile; fileRef = 38F96AA9270F505200B0A009 /* RecipeListView.swift */; };
		38F96AAC270F513600B0A009 /* RecipeCellView.swift in Sources */ = {isa = PBXBuildFile; fileRef = 38F96AAB270F513600B0A009 /* RecipeCellView.swift */; };
		38F96AAE270F5D8A00B0A009 /* RecipeDetailResponse.swift in Sources */ = {isa = PBXBuildFile; fileRef = 38F96AAD270F5D8A00B0A009 /* RecipeDetailResponse.swift */; };
		38F96AB0270F5FC700B0A009 /* RecipeDetailViewModel.swift in Sources */ = {isa = PBXBuildFile; fileRef = 38F96AAF270F5FC700B0A009 /* RecipeDetailViewModel.swift */; };
		38F96AB2270F69F100B0A009 /* RecipeDetailScreen.swift in Sources */ = {isa = PBXBuildFile; fileRef = 38F96AB1270F69F100B0A009 /* RecipeDetailScreen.swift */; };
/* End PBXBuildFile section */

/* Begin PBXFileReference section */
		38F96A7C270F1FFB00B0A009 /* RecipeApp-iOS.app */ = {isa = PBXFileReference; explicitFileType = wrapper.application; includeInIndex = 0; path = "RecipeApp-iOS.app"; sourceTree = BUILT_PRODUCTS_DIR; };
		38F96A7F270F1FFB00B0A009 /* RecipeApp_iOSApp.swift */ = {isa = PBXFileReference; lastKnownFileType = sourcecode.swift; path = RecipeApp_iOSApp.swift; sourceTree = "<group>"; };
		38F96A81270F1FFB00B0A009 /* ContentView.swift */ = {isa = PBXFileReference; lastKnownFileType = sourcecode.swift; path = ContentView.swift; sourceTree = "<group>"; };
		38F96A83270F1FFD00B0A009 /* Assets.xcassets */ = {isa = PBXFileReference; lastKnownFileType = folder.assetcatalog; path = Assets.xcassets; sourceTree = "<group>"; };
		38F96A86270F1FFD00B0A009 /* Preview Assets.xcassets */ = {isa = PBXFileReference; lastKnownFileType = folder.assetcatalog; path = "Preview Assets.xcassets"; sourceTree = "<group>"; };
		38F96A8E270F20BF00B0A009 /* Webservice.swift */ = {isa = PBXFileReference; lastKnownFileType = sourcecode.swift; path = Webservice.swift; sourceTree = "<group>"; };
		38F96A91270F244B00B0A009 /* RecipeCategoryResponse.swift */ = {isa = PBXFileReference; lastKnownFileType = sourcecode.swift; path = RecipeCategoryResponse.swift; sourceTree = "<group>"; };
		38F96A94270F25B300B0A009 /* RecipeCatgoryListViewModel.swift */ = {isa = PBXFileReference; lastKnownFileType = sourcecode.swift; path = RecipeCatgoryListViewModel.swift; sourceTree = "<group>"; };
		38F96A97270F26B400B0A009 /* Constants.swift */ = {isa = PBXFileReference; lastKnownFileType = sourcecode.swift; path = Constants.swift; sourceTree = "<group>"; };
		38F96A9C270F2E3800B0A009 /* RecipeCategoryListScreen.swift */ = {isa = PBXFileReference; lastKnownFileType = sourcecode.swift; path = RecipeCategoryListScreen.swift; sourceTree = "<group>"; };
		38F96A9F270F2F8B00B0A009 /* RecipeCategoryListView.swift */ = {isa = PBXFileReference; lastKnownFileType = sourcecode.swift; path = RecipeCategoryListView.swift; sourceTree = "<group>"; };
		38F96AA1270F334B00B0A009 /* RecipeCategoryCellView.swift */ = {isa = PBXFileReference; lastKnownFileType = sourcecode.swift; path = RecipeCategoryCellView.swift; sourceTree = "<group>"; };
		38F96AA3270F41B700B0A009 /* RecipeListScreen.swift */ = {isa = PBXFileReference; lastKnownFileType = sourcecode.swift; path = RecipeListScreen.swift; sourceTree = "<group>"; };
		38F96AA5270F472100B0A009 /* RecipeListViewModel.swift */ = {isa = PBXFileReference; lastKnownFileType = sourcecode.swift; path = RecipeListViewModel.swift; sourceTree = "<group>"; };
		38F96AA7270F47C500B0A009 /* Recipe.swift */ = {isa = PBXFileReference; lastKnownFileType = sourcecode.swift; path = Recipe.swift; sourceTree = "<group>"; };
		38F96AA9270F505200B0A009 /* RecipeListView.swift */ = {isa = PBXFileReference; lastKnownFileType = sourcecode.swift; path = RecipeListView.swift; sourceTree = "<group>"; };
		38F96AAB270F513600B0A009 /* RecipeCellView.swift */ = {isa = PBXFileReference; lastKnownFileType = sourcecode.swift; path = RecipeCellView.swift; sourceTree = "<group>"; };
		38F96AAD270F5D8A00B0A009 /* RecipeDetailResponse.swift */ = {isa = PBXFileReference; lastKnownFileType = sourcecode.swift; path = RecipeDetailResponse.swift; sourceTree = "<group>"; };
		38F96AAF270F5FC700B0A009 /* RecipeDetailViewModel.swift */ = {isa = PBXFileReference; lastKnownFileType = sourcecode.swift; path = RecipeDetailViewModel.swift; sourceTree = "<group>"; };
		38F96AB1270F69F100B0A009 /* RecipeDetailScreen.swift */ = {isa = PBXFileReference; lastKnownFileType = sourcecode.swift; path = RecipeDetailScreen.swift; sourceTree = "<group>"; };
/* End PBXFileReference section */

/* Begin PBXFrameworksBuildPhase section */
		38F96A79270F1FFB00B0A009 /* Frameworks */ = {
			isa = PBXFrameworksBuildPhase;
			buildActionMask = 2147483647;
			files = (
			);
			runOnlyForDeploymentPostprocessing = 0;
		};
/* End PBXFrameworksBuildPhase section */

/* Begin PBXGroup section */
		38F96A73270F1FFB00B0A009 = {
			isa = PBXGroup;
			children = (
				38F96A7E270F1FFB00B0A009 /* RecipeApp-iOS */,
				38F96A7D270F1FFB00B0A009 /* Products */,
			);
			sourceTree = "<group>";
		};
		38F96A7D270F1FFB00B0A009 /* Products */ = {
			isa = PBXGroup;
			children = (
				38F96A7C270F1FFB00B0A009 /* RecipeApp-iOS.app */,
			);
			name = Products;
			sourceTree = "<group>";
		};
		38F96A7E270F1FFB00B0A009 /* RecipeApp-iOS */ = {
			isa = PBXGroup;
			children = (
				38F96A9E270F2F5100B0A009 /* Views */,
				38F96A99270F2DBC00B0A009 /* Screens */,
				38F96A96270F268A00B0A009 /* Utils */,
				38F96A93270F255700B0A009 /* View Models */,
				38F96A90270F23B000B0A009 /* Models */,
				38F96A8D270F208800B0A009 /* Services */,
				38F96A7F270F1FFB00B0A009 /* RecipeApp_iOSApp.swift */,
				38F96A81270F1FFB00B0A009 /* ContentView.swift */,
				38F96A83270F1FFD00B0A009 /* Assets.xcassets */,
				38F96A85270F1FFD00B0A009 /* Preview Content */,
			);
			path = "RecipeApp-iOS";
			sourceTree = "<group>";
		};
		38F96A85270F1FFD00B0A009 /* Preview Content */ = {
			isa = PBXGroup;
			children = (
				38F96A86270F1FFD00B0A009 /* Preview Assets.xcassets */,
			);
			path = "Preview Content";
			sourceTree = "<group>";
		};
		38F96A8D270F208800B0A009 /* Services */ = {
			isa = PBXGroup;
			children = (
				38F96A8E270F20BF00B0A009 /* Webservice.swift */,
			);
			path = Services;
			sourceTree = "<group>";
		};
		38F96A90270F23B000B0A009 /* Models */ = {
			isa = PBXGroup;
			children = (
				38F96A91270F244B00B0A009 /* RecipeCategoryResponse.swift */,
				38F96AA7270F47C500B0A009 /* Recipe.swift */,
				38F96AAD270F5D8A00B0A009 /* RecipeDetailResponse.swift */,
			);
			path = Models;
			sourceTree = "<group>";
		};
		38F96A93270F255700B0A009 /* View Models */ = {
			isa = PBXGroup;
			children = (
				38F96A94270F25B300B0A009 /* RecipeCatgoryListViewModel.swift */,
				38F96AA5270F472100B0A009 /* RecipeListViewModel.swift */,
				38F96AAF270F5FC700B0A009 /* RecipeDetailViewModel.swift */,
			);
			path = "View Models";
			sourceTree = "<group>";
		};
		38F96A96270F268A00B0A009 /* Utils */ = {
			isa = PBXGroup;
			children = (
				38F96A97270F26B400B0A009 /* Constants.swift */,
			);
			path = Utils;
			sourceTree = "<group>";
		};
		38F96A99270F2DBC00B0A009 /* Screens */ = {
			isa = PBXGroup;
			children = (
				38F96A9C270F2E3800B0A009 /* RecipeCategoryListScreen.swift */,
				38F96AA3270F41B700B0A009 /* RecipeListScreen.swift */,
				38F96AB1270F69F100B0A009 /* RecipeDetailScreen.swift */,
			);
			path = Screens;
			sourceTree = "<group>";
		};
		38F96A9E270F2F5100B0A009 /* Views */ = {
			isa = PBXGroup;
			children = (
				38F96A9F270F2F8B00B0A009 /* RecipeCategoryListView.swift */,
				38F96AA1270F334B00B0A009 /* RecipeCategoryCellView.swift */,
				38F96AA9270F505200B0A009 /* RecipeListView.swift */,
				38F96AAB270F513600B0A009 /* RecipeCellView.swift */,
			);
			path = Views;
			sourceTree = "<group>";
		};
/* End PBXGroup section */

/* Begin PBXNativeTarget section */
		38F96A7B270F1FFB00B0A009 /* RecipeApp-iOS */ = {
			isa = PBXNativeTarget;
			buildConfigurationList = 38F96A8A270F1FFD00B0A009 /* Build configuration list for PBXNativeTarget "RecipeApp-iOS" */;
			buildPhases = (
				38F96A78270F1FFB00B0A009 /* Sources */,
				38F96A79270F1FFB00B0A009 /* Frameworks */,
				38F96A7A270F1FFB00B0A009 /* Resources */,
			);
			buildRules = (
			);
			dependencies = (
			);
			name = "RecipeApp-iOS";
			productName = "RecipeApp-iOS";
			productReference = 38F96A7C270F1FFB00B0A009 /* RecipeApp-iOS.app */;
			productType = "com.apple.product-type.application";
		};
/* End PBXNativeTarget section */

/* Begin PBXProject section */
		38F96A74270F1FFB00B0A009 /* Project object */ = {
			isa = PBXProject;
			attributes = {
				BuildIndependentTargetsInParallel = 1;
				LastSwiftUpdateCheck = 1300;
				LastUpgradeCheck = 1300;
				TargetAttributes = {
					38F96A7B270F1FFB00B0A009 = {
						CreatedOnToolsVersion = 13.0;
					};
				};
			};
			buildConfigurationList = 38F96A77270F1FFB00B0A009 /* Build configuration list for PBXProject "RecipeApp-iOS" */;
			compatibilityVersion = "Xcode 13.0";
			developmentRegion = en;
			hasScannedForEncodings = 0;
			knownRegions = (
				en,
				Base,
			);
			mainGroup = 38F96A73270F1FFB00B0A009;
			productRefGroup = 38F96A7D270F1FFB00B0A009 /* Products */;
			projectDirPath = "";
			projectRoot = "";
			targets = (
				38F96A7B270F1FFB00B0A009 /* RecipeApp-iOS */,
			);
		};
/* End PBXProject section */

/* Begin PBXResourcesBuildPhase section */
		38F96A7A270F1FFB00B0A009 /* Resources */ = {
			isa = PBXResourcesBuildPhase;
			buildActionMask = 2147483647;
			files = (
				38F96A87270F1FFD00B0A009 /* Preview Assets.xcassets in Resources */,
				38F96A84270F1FFD00B0A009 /* Assets.xcassets in Resources */,
			);
			runOnlyForDeploymentPostprocessing = 0;
		};
/* End PBXResourcesBuildPhase section */

/* Begin PBXSourcesBuildPhase section */
		38F96A78270F1FFB00B0A009 /* Sources */ = {
			isa = PBXSourcesBuildPhase;
			buildActionMask = 2147483647;
			files = (
				38F96AA6270F472100B0A009 /* RecipeListViewModel.swift in Sources */,
				38F96A9D270F2E3800B0A009 /* RecipeCategoryListScreen.swift in Sources */,
				38F96A92270F244B00B0A009 /* RecipeCategoryResponse.swift in Sources */,
				38F96AB2270F69F100B0A009 /* RecipeDetailScreen.swift in Sources */,
				38F96AAE270F5D8A00B0A009 /* RecipeDetailResponse.swift in Sources */,
				38F96AA8270F47C500B0A009 /* Recipe.swift in Sources */,
				38F96A82270F1FFB00B0A009 /* ContentView.swift in Sources */,
				38F96A95270F25B300B0A009 /* RecipeCatgoryListViewModel.swift in Sources */,
				38F96AA0270F2F8B00B0A009 /* RecipeCategoryListView.swift in Sources */,
				38F96AA4270F41B700B0A009 /* RecipeListScreen.swift in Sources */,
				38F96A80270F1FFB00B0A009 /* RecipeApp_iOSApp.swift in Sources */,
				38F96A8F270F20BF00B0A009 /* Webservice.swift in Sources */,
				38F96AAC270F513600B0A009 /* RecipeCellView.swift in Sources */,
				38F96A98270F26B400B0A009 /* Constants.swift in Sources */,
				38F96AB0270F5FC700B0A009 /* RecipeDetailViewModel.swift in Sources */,
				38F96AAA270F505200B0A009 /* RecipeListView.swift in Sources */,
				38F96AA2270F334B00B0A009 /* RecipeCategoryCellView.swift in Sources */,
			);
			runOnlyForDeploymentPostprocessing = 0;
		};
/* End PBXSourcesBuildPhase section */

/* Begin XCBuildConfiguration section */
		38F96A88270F1FFD00B0A009 /* Debug */ = {
			isa = XCBuildConfiguration;
			buildSettings = {
				ALWAYS_SEARCH_USER_PATHS = NO;
				CLANG_ANALYZER_NONNULL = YES;
				CLANG_ANALYZER_NUMBER_OBJECT_CONVERSION = YES_AGGRESSIVE;
				CLANG_CXX_LANGUAGE_STANDARD = "gnu++17";
				CLANG_CXX_LIBRARY = "libc++";
				CLANG_ENABLE_MODULES = YES;
				CLANG_ENABLE_OBJC_ARC = YES;
				CLANG_ENABLE_OBJC_WEAK = YES;
				CLANG_WARN_BLOCK_CAPTURE_AUTORELEASING = YES;
				CLANG_WARN_BOOL_CONVERSION = YES;
				CLANG_WARN_COMMA = YES;
				CLANG_WARN_CONSTANT_CONVERSION = YES;
				CLANG_WARN_DEPRECATED_OBJC_IMPLEMENTATIONS = YES;
				CLANG_WARN_DIRECT_OBJC_ISA_USAGE = YES_ERROR;
				CLANG_WARN_DOCUMENTATION_COMMENTS = YES;
				CLANG_WARN_EMPTY_BODY = YES;
				CLANG_WARN_ENUM_CONVERSION = YES;
				CLANG_WARN_INFINITE_RECURSION = YES;
				CLANG_WARN_INT_CONVERSION = YES;
				CLANG_WARN_NON_LITERAL_NULL_CONVERSION = YES;
				CLANG_WARN_OBJC_IMPLICIT_RETAIN_SELF = YES;
				CLANG_WARN_OBJC_LITERAL_CONVERSION = YES;
				CLANG_WARN_OBJC_ROOT_CLASS = YES_ERROR;
				CLANG_WARN_QUOTED_INCLUDE_IN_FRAMEWORK_HEADER = YES;
				CLANG_WARN_RANGE_LOOP_ANALYSIS = YES;
				CLANG_WARN_STRICT_PROTOTYPES = YES;
				CLANG_WARN_SUSPICIOUS_MOVE = YES;
				CLANG_WARN_UNGUARDED_AVAILABILITY = YES_AGGRESSIVE;
				CLANG_WARN_UNREACHABLE_CODE = YES;
				CLANG_WARN__DUPLICATE_METHOD_MATCH = YES;
				COPY_PHASE_STRIP = NO;
				DEBUG_INFORMATION_FORMAT = dwarf;
				ENABLE_STRICT_OBJC_MSGSEND = YES;
				ENABLE_TESTABILITY = YES;
				GCC_C_LANGUAGE_STANDARD = gnu11;
				GCC_DYNAMIC_NO_PIC = NO;
				GCC_NO_COMMON_BLOCKS = YES;
				GCC_OPTIMIZATION_LEVEL = 0;
				GCC_PREPROCESSOR_DEFINITIONS = (
					"DEBUG=1",
					"$(inherited)",
				);
				GCC_WARN_64_TO_32_BIT_CONVERSION = YES;
				GCC_WARN_ABOUT_RETURN_TYPE = YES_ERROR;
				GCC_WARN_UNDECLARED_SELECTOR = YES;
				GCC_WARN_UNINITIALIZED_AUTOS = YES_AGGRESSIVE;
				GCC_WARN_UNUSED_FUNCTION = YES;
				GCC_WARN_UNUSED_VARIABLE = YES;
				IPHONEOS_DEPLOYMENT_TARGET = 15.0;
				MTL_ENABLE_DEBUG_INFO = INCLUDE_SOURCE;
				MTL_FAST_MATH = YES;
				ONLY_ACTIVE_ARCH = YES;
				SDKROOT = iphoneos;
				SWIFT_ACTIVE_COMPILATION_CONDITIONS = DEBUG;
				SWIFT_OPTIMIZATION_LEVEL = "-Onone";
			};
			name = Debug;
		};
		38F96A89270F1FFD00B0A009 /* Release */ = {
			isa = XCBuildConfiguration;
			buildSettings = {
				ALWAYS_SEARCH_USER_PATHS = NO;
				CLANG_ANALYZER_NONNULL = YES;
				CLANG_ANALYZER_NUMBER_OBJECT_CONVERSION = YES_AGGRESSIVE;
				CLANG_CXX_LANGUAGE_STANDARD = "gnu++17";
				CLANG_CXX_LIBRARY = "libc++";
				CLANG_ENABLE_MODULES = YES;
				CLANG_ENABLE_OBJC_ARC = YES;
				CLANG_ENABLE_OBJC_WEAK = YES;
				CLANG_WARN_BLOCK_CAPTURE_AUTORELEASING = YES;
				CLANG_WARN_BOOL_CONVERSION = YES;
				CLANG_WARN_COMMA = YES;
				CLANG_WARN_CONSTANT_CONVERSION = YES;
				CLANG_WARN_DEPRECATED_OBJC_IMPLEMENTATIONS = YES;
				CLANG_WARN_DIRECT_OBJC_ISA_USAGE = YES_ERROR;
				CLANG_WARN_DOCUMENTATION_COMMENTS = YES;
				CLANG_WARN_EMPTY_BODY = YES;
				CLANG_WARN_ENUM_CONVERSION = YES;
				CLANG_WARN_INFINITE_RECURSION = YES;
				CLANG_WARN_INT_CONVERSION = YES;
				CLANG_WARN_NON_LITERAL_NULL_CONVERSION = YES;
				CLANG_WARN_OBJC_IMPLICIT_RETAIN_SELF = YES;
				CLANG_WARN_OBJC_LITERAL_CONVERSION = YES;
				CLANG_WARN_OBJC_ROOT_CLASS = YES_ERROR;
				CLANG_WARN_QUOTED_INCLUDE_IN_FRAMEWORK_HEADER = YES;
				CLANG_WARN_RANGE_LOOP_ANALYSIS = YES;
				CLANG_WARN_STRICT_PROTOTYPES = YES;
				CLANG_WARN_SUSPICIOUS_MOVE = YES;
				CLANG_WARN_UNGUARDED_AVAILABILITY = YES_AGGRESSIVE;
				CLANG_WARN_UNREACHABLE_CODE = YES;
				CLANG_WARN__DUPLICATE_METHOD_MATCH = YES;
				COPY_PHASE_STRIP = NO;
				DEBUG_INFORMATION_FORMAT = "dwarf-with-dsym";
				ENABLE_NS_ASSERTIONS = NO;
				ENABLE_STRICT_OBJC_MSGSEND = YES;
				GCC_C_LANGUAGE_STANDARD = gnu11;
				GCC_NO_COMMON_BLOCKS = YES;
				GCC_WARN_64_TO_32_BIT_CONVERSION = YES;
				GCC_WARN_ABOUT_RETURN_TYPE = YES_ERROR;
				GCC_WARN_UNDECLARED_SELECTOR = YES;
				GCC_WARN_UNINITIALIZED_AUTOS = YES_AGGRESSIVE;
				GCC_WARN_UNUSED_FUNCTION = YES;
				GCC_WARN_UNUSED_VARIABLE = YES;
				IPHONEOS_DEPLOYMENT_TARGET = 15.0;
				MTL_ENABLE_DEBUG_INFO = NO;
				MTL_FAST_MATH = YES;
				SDKROOT = iphoneos;
				SWIFT_COMPILATION_MODE = wholemodule;
				SWIFT_OPTIMIZATION_LEVEL = "-O";
				VALIDATE_PRODUCT = YES;
			};
			name = Release;
		};
		38F96A8B270F1FFD00B0A009 /* Debug */ = {
			isa = XCBuildConfiguration;
			buildSettings = {
				ASSETCATALOG_COMPILER_APPICON_NAME = AppIcon;
				ASSETCATALOG_COMPILER_GLOBAL_ACCENT_COLOR_NAME = AccentColor;
				CODE_SIGN_STYLE = Automatic;
				CURRENT_PROJECT_VERSION = 1;
				DEVELOPMENT_ASSET_PATHS = "\"RecipeApp-iOS/Preview Content\"";
				ENABLE_PREVIEWS = YES;
				GENERATE_INFOPLIST_FILE = YES;
				INFOPLIST_KEY_UIApplicationSceneManifest_Generation = YES;
				INFOPLIST_KEY_UIApplicationSupportsIndirectInputEvents = YES;
				INFOPLIST_KEY_UILaunchScreen_Generation = YES;
				INFOPLIST_KEY_UISupportedInterfaceOrientations_iPad = "UIInterfaceOrientationPortrait UIInterfaceOrientationPortraitUpsideDown UIInterfaceOrientationLandscapeLeft UIInterfaceOrientationLandscapeRight";
				INFOPLIST_KEY_UISupportedInterfaceOrientations_iPhone = "UIInterfaceOrientationPortrait UIInterfaceOrientationLandscapeLeft UIInterfaceOrientationLandscapeRight";
				IPHONEOS_DEPLOYMENT_TARGET = 15.0;
				LD_RUNPATH_SEARCH_PATHS = (
					"$(inherited)",
					"@executable_path/Frameworks",
				);
				MARKETING_VERSION = 1.0;
				PRODUCT_BUNDLE_IDENTIFIER = "com.sopnilsohan.RecipeApp-iOS";
				PRODUCT_NAME = "$(TARGET_NAME)";
				SWIFT_EMIT_LOC_STRINGS = YES;
				SWIFT_VERSION = 5.0;
				TARGETED_DEVICE_FAMILY = "1,2";
			};
			name = Debug;
		};
		38F96A8C270F1FFD00B0A009 /* Release */ = {
			isa = XCBuildConfiguration;
			buildSettings = {
				ASSETCATALOG_COMPILER_APPICON_NAME = AppIcon;
				ASSETCATALOG_COMPILER_GLOBAL_ACCENT_COLOR_NAME = AccentColor;
				CODE_SIGN_STYLE = Automatic;
				CURRENT_PROJECT_VERSION = 1;
				DEVELOPMENT_ASSET_PATHS = "\"RecipeApp-iOS/Preview Content\"";
				ENABLE_PREVIEWS = YES;
				GENERATE_INFOPLIST_FILE = YES;
				INFOPLIST_KEY_UIApplicationSceneManifest_Generation = YES;
				INFOPLIST_KEY_UIApplicationSupportsIndirectInputEvents = YES;
				INFOPLIST_KEY_UILaunchScreen_Generation = YES;
				INFOPLIST_KEY_UISupportedInterfaceOrientations_iPad = "UIInterfaceOrientationPortrait UIInterfaceOrientationPortraitUpsideDown UIInterfaceOrientationLandscapeLeft UIInterfaceOrientationLandscapeRight";
				INFOPLIST_KEY_UISupportedInterfaceOrientations_iPhone = "UIInterfaceOrientationPortrait UIInterfaceOrientationLandscapeLeft UIInterfaceOrientationLandscapeRight";
				IPHONEOS_DEPLOYMENT_TARGET = 15.0;
				LD_RUNPATH_SEARCH_PATHS = (
					"$(inherited)",
					"@executable_path/Frameworks",
				);
				MARKETING_VERSION = 1.0;
				PRODUCT_BUNDLE_IDENTIFIER = "com.sopnilsohan.RecipeApp-iOS";
				PRODUCT_NAME = "$(TARGET_NAME)";
				SWIFT_EMIT_LOC_STRINGS = YES;
				SWIFT_VERSION = 5.0;
				TARGETED_DEVICE_FAMILY = "1,2";
			};
			name = Release;
		};
/* End XCBuildConfiguration section */

/* Begin XCConfigurationList section */
		38F96A77270F1FFB00B0A009 /* Build configuration list for PBXProject "RecipeApp-iOS" */ = {
			isa = XCConfigurationList;
			buildConfigurations = (
				38F96A88270F1FFD00B0A009 /* Debug */,
				38F96A89270F1FFD00B0A009 /* Release */,
			);
			defaultConfigurationIsVisible = 0;
			defaultConfigurationName = Release;
		};
		38F96A8A270F1FFD00B0A009 /* Build configuration list for PBXNativeTarget "RecipeApp-iOS" */ = {
			isa = XCConfigurationList;
			buildConfigurations = (
				38F96A8B270F1FFD00B0A009 /* Debug */,
				38F96A8C270F1FFD00B0A009 /* Release */,
			);
			defaultConfigurationIsVisible = 0;
			defaultConfigurationName = Release;
		};
/* End XCConfigurationList section */
	};
	rootObject = 38F96A74270F1FFB00B0A009 /* Project object */;
}
